
Microsoft Visual Studio Solution File, Format Version 12.00
# Visual Studio Version 17
VisualStudioVersion = 17.9.34622.214
MinimumVisualStudioVersion = 10.0.40219.1
Project("{9A19103F-16F7-4668-BE54-9A1E7A4F7556}") = "WpfViewer", "WpfViewer\WpfViewer.csproj", "{2524DB1B-4C57-4614-B29F-F799F0DB51AA}"
EndProject
Project("{9A19103F-16F7-4668-BE54-9A1E7A4F7556}") = "FileVersionControl.Core", "..\FileVersionControl\FileVersionControl.Core.csproj", "{3855CD57-3D2D-4BE0-A98C-0FFAD838C123}"
EndProject
Global
	GlobalSection(SolutionConfigurationPlatforms) = preSolution
		Debug|Any CPU = Debug|Any CPU
		Release|Any CPU = Release|Any CPU
	EndGlobalSection
	GlobalSection(ProjectConfigurationPlatforms) = postSolution
		{2524DB1B-4C57-4614-B29F-F799F0DB51AA}.Debug|Any CPU.ActiveCfg = Debug|Any CPU
		{2524DB1B-4C57-4614-B29F-F799F0DB51AA}.Debug|Any CPU.Build.0 = Debug|Any CPU
		{2524DB1B-4C57-4614-B29F-F799F0DB51AA}.Release|Any CPU.ActiveCfg = Release|Any CPU
		{2524DB1B-4C57-4614-B29F-F799F0DB51AA}.Release|Any CPU.Build.0 = Release|Any CPU
		{3855CD57-3D2D-4BE0-A98C-0FFAD838C123}.Debug|Any CPU.ActiveCfg = Debug|Any CPU
		{3855CD57-3D2D-4BE0-A98C-0FFAD838C123}.Debug|Any CPU.Build.0 = Debug|Any CPU
		{3855CD57-3D2D-4BE0-A98C-0FFAD838C123}.Release|Any CPU.ActiveCfg = Release|Any CPU
		{3855CD57-3D2D-4BE0-A98C-0FFAD838C123}.Release|Any CPU.Build.0 = Release|Any CPU
	EndGlobalSection
	GlobalSection(SolutionProperties) = preSolution
		HideSolutionNode = FALSE
	EndGlobalSection
	GlobalSection(ExtensibilityGlobals) = postSolution
		SolutionGuid = {1C5726BC-5580-496F-B4F7-1F13767FB69A}
	EndGlobalSection
EndGlobal
